
Microsoft Visual Studio Solution File, Format Version 12.00
# Visual Studio Version 17
VisualStudioVersion = 17.8.34511.84
MinimumVisualStudioVersion = 10.0.40219.1
Project("{FAE04EC0-301F-11D3-BF4B-00C04F79EFBC}") = "Api", "Api\Api.csproj", "{5085203F-43EC-49AD-8AEF-3501B943F495}"
EndProject
Global
	GlobalSection(SolutionConfigurationPlatforms) = preSolution
		Debug|Any CPU = Debug|Any CPU
		Release|Any CPU = Release|Any CPU
	EndGlobalSection
	GlobalSection(ProjectConfigurationPlatforms) = postSolution
		{5085203F-43EC-49AD-8AEF-3501B943F495}.Debug|Any CPU.ActiveCfg = Debug|Any CPU
		{5085203F-43EC-49AD-8AEF-3501B943F495}.Debug|Any CPU.Build.0 = Debug|Any CPU
		{5085203F-43EC-49AD-8AEF-3501B943F495}.Release|Any CPU.ActiveCfg = Release|Any CPU
		{5085203F-43EC-49AD-8AEF-3501B943F495}.Release|Any CPU.Build.0 = Release|Any CPU
	EndGlobalSection
	GlobalSection(SolutionProperties) = preSolution
		HideSolutionNode = FALSE
	EndGlobalSection
	GlobalSection(ExtensibilityGlobals) = postSolution
		SolutionGuid = {34552AD1-6067-4CC0-BF40-F5FCCEC7CDA8}
	EndGlobalSection
EndGlobal
